// !$*UTF8*$!
{
	archiveVersion = 1;
	classes = {
	};
	objectVersion = 77;
	objects = {

/* Begin PBXBuildFile section */
		01261FFF2E66FD7000AD604F /* Assets.xcassets in Resources */ = {isa = PBXBuildFile; fileRef = 01261FF32E66FD7000AD604F /* Assets.xcassets */; };
		012620012E66FD7000AD604F /* LaunchScreen.storyboard in Resources */ = {isa = PBXBuildFile; fileRef = 01261FF72E66FD7000AD604F /* LaunchScreen.storyboard */; };
		012620022E66FD7000AD604F /* Main.storyboard in Resources */ = {isa = PBXBuildFile; fileRef = 01261FF92E66FD7000AD604F /* Main.storyboard */; };
		012620042E66FD7000AD604F /* AppDelegate.swift in Sources */ = {isa = PBXBuildFile; fileRef = 01261FF22E66FD7000AD604F /* AppDelegate.swift */; };
		012620052E66FD7000AD604F /* FriendTodoViewController.swift in Sources */ = {isa = PBXBuildFile; fileRef = 01261FF42E66FD7000AD604F /* FriendTodoViewController.swift */; };
		012620062E66FD7000AD604F /* OurTodoViewController.swift in Sources */ = {isa = PBXBuildFile; fileRef = 01261FFA2E66FD7000AD604F /* OurTodoViewController.swift */; };
		012620072E66FD7000AD604F /* SceneDelegate.swift in Sources */ = {isa = PBXBuildFile; fileRef = 01261FFB2E66FD7000AD604F /* SceneDelegate.swift */; };
		012620082E66FD7000AD604F /* SettingsViewController.swift in Sources */ = {isa = PBXBuildFile; fileRef = 01261FFC2E66FD7000AD604F /* SettingsViewController.swift */; };
		012620092E66FD7000AD604F /* SharedTodoViewController.swift in Sources */ = {isa = PBXBuildFile; fileRef = 01261FFD2E66FD7000AD604F /* SharedTodoViewController.swift */; };
		0126200D2E681C5800AD604F /* TodoTableViewCell.swift in Sources */ = {isa = PBXBuildFile; fileRef = 0126200B2E681C5800AD604F /* TodoTableViewCell.swift */; };
		0126200E2E681C5800AD604F /* TodoTableViewCell.xib in Resources */ = {isa = PBXBuildFile; fileRef = 0126200C2E681C5800AD604F /* TodoTableViewCell.xib */; };
		01BCA5B42E8FA7B700E5B13D /* AddTodoViewController.swift in Sources */ = {isa = PBXBuildFile; fileRef = 01BCA5B32E8FA7B700E5B13D /* AddTodoViewController.swift */; };
		01BCA5B62E8FE02500E5B13D /* GoogleService-Info.plist in Resources */ = {isa = PBXBuildFile; fileRef = 01BCA5B52E8FE02500E5B13D /* GoogleService-Info.plist */; };
		01BCA5B92E8FE0A800E5B13D /* FirebaseAuth in Frameworks */ = {isa = PBXBuildFile; productRef = 01BCA5B82E8FE0A800E5B13D /* FirebaseAuth */; };
		01BCA5BB2E8FE0A800E5B13D /* FirebaseCore in Frameworks */ = {isa = PBXBuildFile; productRef = 01BCA5BA2E8FE0A800E5B13D /* FirebaseCore */; };
		01BCA5BD2E8FE0A800E5B13D /* FirebaseDatabase in Frameworks */ = {isa = PBXBuildFile; productRef = 01BCA5BC2E8FE0A800E5B13D /* FirebaseDatabase */; };
		01BCA5BF2E8FE0A800E5B13D /* FirebaseFirestore in Frameworks */ = {isa = PBXBuildFile; productRef = 01BCA5BE2E8FE0A800E5B13D /* FirebaseFirestore */; };
/* End PBXBuildFile section */

/* Begin PBXFileReference section */
		011FAE642E66CD32001C86CF /* CoDo.app */ = {isa = PBXFileReference; explicitFileType = wrapper.application; includeInIndex = 0; path = CoDo.app; sourceTree = BUILT_PRODUCTS_DIR; };
		01261FF22E66FD7000AD604F /* AppDelegate.swift */ = {isa = PBXFileReference; lastKnownFileType = sourcecode.swift; path = AppDelegate.swift; sourceTree = "<group>"; };
		01261FF32E66FD7000AD604F /* Assets.xcassets */ = {isa = PBXFileReference; lastKnownFileType = folder.assetcatalog; path = Assets.xcassets; sourceTree = "<group>"; };
		01261FF42E66FD7000AD604F /* FriendTodoViewController.swift */ = {isa = PBXFileReference; lastKnownFileType = sourcecode.swift; path = FriendTodoViewController.swift; sourceTree = "<group>"; };
		01261FF52E66FD7000AD604F /* Info.plist */ = {isa = PBXFileReference; lastKnownFileType = text.plist.xml; path = Info.plist; sourceTree = "<group>"; };
		01261FF62E66FD7000AD604F /* Base */ = {isa = PBXFileReference; lastKnownFileType = file.storyboard; name = Base; path = Base.lproj/LaunchScreen.storyboard; sourceTree = "<group>"; };
		01261FF82E66FD7000AD604F /* Base */ = {isa = PBXFileReference; lastKnownFileType = file.storyboard; name = Base; path = Base.lproj/Main.storyboard; sourceTree = "<group>"; };
		01261FFA2E66FD7000AD604F /* OurTodoViewController.swift */ = {isa = PBXFileReference; lastKnownFileType = sourcecode.swift; path = OurTodoViewController.swift; sourceTree = "<group>"; };
		01261FFB2E66FD7000AD604F /* SceneDelegate.swift */ = {isa = PBXFileReference; lastKnownFileType = sourcecode.swift; path = SceneDelegate.swift; sourceTree = "<group>"; };
		01261FFC2E66FD7000AD604F /* SettingsViewController.swift */ = {isa = PBXFileReference; lastKnownFileType = sourcecode.swift; path = SettingsViewController.swift; sourceTree = "<group>"; };
		01261FFD2E66FD7000AD604F /* SharedTodoViewController.swift */ = {isa = PBXFileReference; lastKnownFileType = sourcecode.swift; path = SharedTodoViewController.swift; sourceTree = "<group>"; };
		0126200B2E681C5800AD604F /* TodoTableViewCell.swift */ = {isa = PBXFileReference; lastKnownFileType = sourcecode.swift; path = TodoTableViewCell.swift; sourceTree = "<group>"; };
		0126200C2E681C5800AD604F /* TodoTableViewCell.xib */ = {isa = PBXFileReference; lastKnownFileType = file.xib; path = TodoTableViewCell.xib; sourceTree = "<group>"; };
		01BCA5B32E8FA7B700E5B13D /* AddTodoViewController.swift */ = {isa = PBXFileReference; lastKnownFileType = sourcecode.swift; path = AddTodoViewController.swift; sourceTree = "<group>"; };
		01BCA5B52E8FE02500E5B13D /* GoogleService-Info.plist */ = {isa = PBXFileReference; lastKnownFileType = text.plist.xml; path = "GoogleService-Info.plist"; sourceTree = "<group>"; };
/* End PBXFileReference section */

/* Begin PBXFrameworksBuildPhase section */
		011FAE612E66CD32001C86CF /* Frameworks */ = {
			isa = PBXFrameworksBuildPhase;
			buildActionMask = 2147483647;
			files = (
				01BCA5BD2E8FE0A800E5B13D /* FirebaseDatabase in Frameworks */,
				01BCA5BF2E8FE0A800E5B13D /* FirebaseFirestore in Frameworks */,
				01BCA5BB2E8FE0A800E5B13D /* FirebaseCore in Frameworks */,
				01BCA5B92E8FE0A800E5B13D /* FirebaseAuth in Frameworks */,
			);
			runOnlyForDeploymentPostprocessing = 0;
		};
/* End PBXFrameworksBuildPhase section */

/* Begin PBXGroup section */
		011FAE5B2E66CD32001C86CF = {
			isa = PBXGroup;
			children = (
				01261FFE2E66FD7000AD604F /* CoDo */,
				011FAE652E66CD32001C86CF /* Products */,
			);
			sourceTree = "<group>";
		};
		011FAE652E66CD32001C86CF /* Products */ = {
			isa = PBXGroup;
			children = (
				011FAE642E66CD32001C86CF /* CoDo.app */,
			);
			name = Products;
			sourceTree = "<group>";
		};
		01261FEE2E66FD7000AD604F /* Models */ = {
			isa = PBXGroup;
			children = (
			);
			path = Models;
			sourceTree = "<group>";
		};
		01261FEF2E66FD7000AD604F /* ViewModels */ = {
			isa = PBXGroup;
			children = (
			);
			path = ViewModels;
			sourceTree = "<group>";
		};
		01261FF02E66FD7000AD604F /* Views */ = {
			isa = PBXGroup;
			children = (
				01261FFA2E66FD7000AD604F /* OurTodoViewController.swift */,
				01261FF42E66FD7000AD604F /* FriendTodoViewController.swift */,
				01261FFD2E66FD7000AD604F /* SharedTodoViewController.swift */,
				01BCA5B32E8FA7B700E5B13D /* AddTodoViewController.swift */,
				01261FFC2E66FD7000AD604F /* SettingsViewController.swift */,
				0126200B2E681C5800AD604F /* TodoTableViewCell.swift */,
				0126200C2E681C5800AD604F /* TodoTableViewCell.xib */,
				01261FF92E66FD7000AD604F /* Main.storyboard */,
			);
			path = Views;
			sourceTree = "<group>";
		};
		01261FFE2E66FD7000AD604F /* CoDo */ = {
			isa = PBXGroup;
			children = (
				01261FF22E66FD7000AD604F /* AppDelegate.swift */,
				01261FFB2E66FD7000AD604F /* SceneDelegate.swift */,
				01261FF32E66FD7000AD604F /* Assets.xcassets */,
				01261FF52E66FD7000AD604F /* Info.plist */,
				01261FF72E66FD7000AD604F /* LaunchScreen.storyboard */,
				01BCA5B52E8FE02500E5B13D /* GoogleService-Info.plist */,
				01261FEE2E66FD7000AD604F /* Models */,
				01261FF02E66FD7000AD604F /* Views */,
				01261FEF2E66FD7000AD604F /* ViewModels */,
			);
			path = CoDo;
			sourceTree = "<group>";
		};
/* End PBXGroup section */

/* Begin PBXNativeTarget section */
		011FAE632E66CD32001C86CF /* CoDo */ = {
			isa = PBXNativeTarget;
			buildConfigurationList = 011FAE772E66CD33001C86CF /* Build configuration list for PBXNativeTarget "CoDo" */;
			buildPhases = (
				011FAE602E66CD32001C86CF /* Sources */,
				011FAE612E66CD32001C86CF /* Frameworks */,
				011FAE622E66CD32001C86CF /* Resources */,
			);
			buildRules = (
			);
			dependencies = (
			);
			name = CoDo;
			packageProductDependencies = (
				01BCA5B82E8FE0A800E5B13D /* FirebaseAuth */,
				01BCA5BA2E8FE0A800E5B13D /* FirebaseCore */,
				01BCA5BC2E8FE0A800E5B13D /* FirebaseDatabase */,
				01BCA5BE2E8FE0A800E5B13D /* FirebaseFirestore */,
			);
			productName = CoDo;
			productReference = 011FAE642E66CD32001C86CF /* CoDo.app */;
			productType = "com.apple.product-type.application";
		};
/* End PBXNativeTarget section */

/* Begin PBXProject section */
		011FAE5C2E66CD32001C86CF /* Project object */ = {
			isa = PBXProject;
			attributes = {
				BuildIndependentTargetsInParallel = 1;
				LastSwiftUpdateCheck = 2600;
				LastUpgradeCheck = 2600;
				TargetAttributes = {
					011FAE632E66CD32001C86CF = {
						CreatedOnToolsVersion = 26.0;
					};
				};
			};
			buildConfigurationList = 011FAE5F2E66CD32001C86CF /* Build configuration list for PBXProject "CoDo" */;
			developmentRegion = en;
			hasScannedForEncodings = 0;
			knownRegions = (
				en,
				Base,
			);
			mainGroup = 011FAE5B2E66CD32001C86CF;
			minimizedProjectReferenceProxies = 1;
			packageReferences = (
				01BCA5B72E8FE0A800E5B13D /* XCRemoteSwiftPackageReference "firebase-ios-sdk" */,
			);
			preferredProjectObjectVersion = 77;
			productRefGroup = 011FAE652E66CD32001C86CF /* Products */;
			projectDirPath = "";
			projectRoot = "";
			targets = (
				011FAE632E66CD32001C86CF /* CoDo */,
			);
		};
/* End PBXProject section */

/* Begin PBXResourcesBuildPhase section */
		011FAE622E66CD32001C86CF /* Resources */ = {
			isa = PBXResourcesBuildPhase;
			buildActionMask = 2147483647;
			files = (
				01261FFF2E66FD7000AD604F /* Assets.xcassets in Resources */,
				012620012E66FD7000AD604F /* LaunchScreen.storyboard in Resources */,
				01BCA5B62E8FE02500E5B13D /* GoogleService-Info.plist in Resources */,
				012620022E66FD7000AD604F /* Main.storyboard in Resources */,
				0126200E2E681C5800AD604F /* TodoTableViewCell.xib in Resources */,
			);
			runOnlyForDeploymentPostprocessing = 0;
		};
/* End PBXResourcesBuildPhase section */

/* Begin PBXSourcesBuildPhase section */
		011FAE602E66CD32001C86CF /* Sources */ = {
			isa = PBXSourcesBuildPhase;
			buildActionMask = 2147483647;
			files = (
				012620042E66FD7000AD604F /* AppDelegate.swift in Sources */,
				012620052E66FD7000AD604F /* FriendTodoViewController.swift in Sources */,
				0126200D2E681C5800AD604F /* TodoTableViewCell.swift in Sources */,
				012620062E66FD7000AD604F /* OurTodoViewController.swift in Sources */,
				01BCA5B42E8FA7B700E5B13D /* AddTodoViewController.swift in Sources */,
				012620072E66FD7000AD604F /* SceneDelegate.swift in Sources */,
				012620082E66FD7000AD604F /* SettingsViewController.swift in Sources */,
				012620092E66FD7000AD604F /* SharedTodoViewController.swift in Sources */,
			);
			runOnlyForDeploymentPostprocessing = 0;
		};
/* End PBXSourcesBuildPhase section */

/* Begin PBXVariantGroup section */
		01261FF72E66FD7000AD604F /* LaunchScreen.storyboard */ = {
			isa = PBXVariantGroup;
			children = (
				01261FF62E66FD7000AD604F /* Base */,
			);
			name = LaunchScreen.storyboard;
			sourceTree = "<group>";
		};
		01261FF92E66FD7000AD604F /* Main.storyboard */ = {
			isa = PBXVariantGroup;
			children = (
				01261FF82E66FD7000AD604F /* Base */,
			);
			name = Main.storyboard;
			sourceTree = "<group>";
		};
/* End PBXVariantGroup section */

/* Begin XCBuildConfiguration section */
		011FAE782E66CD33001C86CF /* Debug */ = {
			isa = XCBuildConfiguration;
			buildSettings = {
				ASSETCATALOG_COMPILER_APPICON_NAME = AppIcon;
				ASSETCATALOG_COMPILER_GLOBAL_ACCENT_COLOR_NAME = AccentColor;
				CODE_SIGN_STYLE = Automatic;
				CURRENT_PROJECT_VERSION = 1;
				DEVELOPMENT_TEAM = W9K9K372K9;
				GENERATE_INFOPLIST_FILE = YES;
				INFOPLIST_FILE = CoDo/Info.plist;
				INFOPLIST_KEY_UIApplicationSupportsIndirectInputEvents = YES;
				INFOPLIST_KEY_UILaunchStoryboardName = LaunchScreen;
				INFOPLIST_KEY_UIMainStoryboardFile = Main;
				INFOPLIST_KEY_UISupportedInterfaceOrientations_iPad = "UIInterfaceOrientationPortrait UIInterfaceOrientationPortraitUpsideDown UIInterfaceOrientationLandscapeLeft UIInterfaceOrientationLandscapeRight";
				INFOPLIST_KEY_UISupportedInterfaceOrientations_iPhone = "UIInterfaceOrientationPortrait UIInterfaceOrientationLandscapeLeft UIInterfaceOrientationLandscapeRight";
				IPHONEOS_DEPLOYMENT_TARGET = 26.0;
				LD_RUNPATH_SEARCH_PATHS = (
					"$(inherited)",
					"@executable_path/Frameworks",
				);
				MARKETING_VERSION = 1.0;
				PRODUCT_BUNDLE_IDENTIFIER = com.sakirogut.CoDo;
				PRODUCT_NAME = "$(TARGET_NAME)";
				STRING_CATALOG_GENERATE_SYMBOLS = YES;
				SWIFT_APPROACHABLE_CONCURRENCY = YES;
				SWIFT_DEFAULT_ACTOR_ISOLATION = MainActor;
				SWIFT_EMIT_LOC_STRINGS = YES;
				SWIFT_UPCOMING_FEATURE_MEMBER_IMPORT_VISIBILITY = YES;
				SWIFT_VERSION = 5.0;
				TARGETED_DEVICE_FAMILY = "1,2";
			};
			name = Debug;
		};
		011FAE792E66CD33001C86CF /* Release */ = {
			isa = XCBuildConfiguration;
			buildSettings = {
				ASSETCATALOG_COMPILER_APPICON_NAME = AppIcon;
				ASSETCATALOG_COMPILER_GLOBAL_ACCENT_COLOR_NAME = AccentColor;
				CODE_SIGN_STYLE = Automatic;
				CURRENT_PROJECT_VERSION = 1;
				DEVELOPMENT_TEAM = W9K9K372K9;
				GENERATE_INFOPLIST_FILE = YES;
				INFOPLIST_FILE = CoDo/Info.plist;
				INFOPLIST_KEY_UIApplicationSupportsIndirectInputEvents = YES;
				INFOPLIST_KEY_UILaunchStoryboardName = LaunchScreen;
				INFOPLIST_KEY_UIMainStoryboardFile = Main;
				INFOPLIST_KEY_UISupportedInterfaceOrientations_iPad = "UIInterfaceOrientationPortrait UIInterfaceOrientationPortraitUpsideDown UIInterfaceOrientationLandscapeLeft UIInterfaceOrientationLandscapeRight";
				INFOPLIST_KEY_UISupportedInterfaceOrientations_iPhone = "UIInterfaceOrientationPortrait UIInterfaceOrientationLandscapeLeft UIInterfaceOrientationLandscapeRight";
				IPHONEOS_DEPLOYMENT_TARGET = 26.0;
				LD_RUNPATH_SEARCH_PATHS = (
					"$(inherited)",
					"@executable_path/Frameworks",
				);
				MARKETING_VERSION = 1.0;
				PRODUCT_BUNDLE_IDENTIFIER = com.sakirogut.CoDo;
				PRODUCT_NAME = "$(TARGET_NAME)";
				STRING_CATALOG_GENERATE_SYMBOLS = YES;
				SWIFT_APPROACHABLE_CONCURRENCY = YES;
				SWIFT_DEFAULT_ACTOR_ISOLATION = MainActor;
				SWIFT_EMIT_LOC_STRINGS = YES;
				SWIFT_UPCOMING_FEATURE_MEMBER_IMPORT_VISIBILITY = YES;
				SWIFT_VERSION = 5.0;
				TARGETED_DEVICE_FAMILY = "1,2";
			};
			name = Release;
		};
		011FAE7A2E66CD33001C86CF /* Debug */ = {
			isa = XCBuildConfiguration;
			buildSettings = {
				ALWAYS_SEARCH_USER_PATHS = NO;
				ASSETCATALOG_COMPILER_GENERATE_SWIFT_ASSET_SYMBOL_EXTENSIONS = YES;
				CLANG_ANALYZER_NONNULL = YES;
				CLANG_ANALYZER_NUMBER_OBJECT_CONVERSION = YES_AGGRESSIVE;
				CLANG_CXX_LANGUAGE_STANDARD = "gnu++20";
				CLANG_ENABLE_MODULES = YES;
				CLANG_ENABLE_OBJC_ARC = YES;
				CLANG_ENABLE_OBJC_WEAK = YES;
				CLANG_WARN_BLOCK_CAPTURE_AUTORELEASING = YES;
				CLANG_WARN_BOOL_CONVERSION = YES;
				CLANG_WARN_COMMA = YES;
				CLANG_WARN_CONSTANT_CONVERSION = YES;
				CLANG_WARN_DEPRECATED_OBJC_IMPLEMENTATIONS = YES;
				CLANG_WARN_DIRECT_OBJC_ISA_USAGE = YES_ERROR;
				CLANG_WARN_DOCUMENTATION_COMMENTS = YES;
				CLANG_WARN_EMPTY_BODY = YES;
				CLANG_WARN_ENUM_CONVERSION = YES;
				CLANG_WARN_INFINITE_RECURSION = YES;
				CLANG_WARN_INT_CONVERSION = YES;
				CLANG_WARN_NON_LITERAL_NULL_CONVERSION = YES;
				CLANG_WARN_OBJC_IMPLICIT_RETAIN_SELF = YES;
				CLANG_WARN_OBJC_LITERAL_CONVERSION = YES;
				CLANG_WARN_OBJC_ROOT_CLASS = YES_ERROR;
				CLANG_WARN_QUOTED_INCLUDE_IN_FRAMEWORK_HEADER = YES;
				CLANG_WARN_RANGE_LOOP_ANALYSIS = YES;
				CLANG_WARN_STRICT_PROTOTYPES = YES;
				CLANG_WARN_SUSPICIOUS_MOVE = YES;
				CLANG_WARN_UNGUARDED_AVAILABILITY = YES_AGGRESSIVE;
				CLANG_WARN_UNREACHABLE_CODE = YES;
				CLANG_WARN__DUPLICATE_METHOD_MATCH = YES;
				COPY_PHASE_STRIP = NO;
				DEBUG_INFORMATION_FORMAT = dwarf;
				DEVELOPMENT_TEAM = W9K9K372K9;
				ENABLE_STRICT_OBJC_MSGSEND = YES;
				ENABLE_TESTABILITY = YES;
				ENABLE_USER_SCRIPT_SANDBOXING = YES;
				GCC_C_LANGUAGE_STANDARD = gnu17;
				GCC_DYNAMIC_NO_PIC = NO;
				GCC_NO_COMMON_BLOCKS = YES;
				GCC_OPTIMIZATION_LEVEL = 0;
				GCC_PREPROCESSOR_DEFINITIONS = (
					"DEBUG=1",
					"$(inherited)",
				);
				GCC_WARN_64_TO_32_BIT_CONVERSION = YES;
				GCC_WARN_ABOUT_RETURN_TYPE = YES_ERROR;
				GCC_WARN_UNDECLARED_SELECTOR = YES;
				GCC_WARN_UNINITIALIZED_AUTOS = YES_AGGRESSIVE;
				GCC_WARN_UNUSED_FUNCTION = YES;
				GCC_WARN_UNUSED_VARIABLE = YES;
				IPHONEOS_DEPLOYMENT_TARGET = 26.0;
				LOCALIZATION_PREFERS_STRING_CATALOGS = YES;
				MTL_ENABLE_DEBUG_INFO = INCLUDE_SOURCE;
				MTL_FAST_MATH = YES;
				ONLY_ACTIVE_ARCH = YES;
				SDKROOT = iphoneos;
				SWIFT_ACTIVE_COMPILATION_CONDITIONS = "DEBUG $(inherited)";
				SWIFT_OPTIMIZATION_LEVEL = "-Onone";
			};
			name = Debug;
		};
		011FAE7B2E66CD33001C86CF /* Release */ = {
			isa = XCBuildConfiguration;
			buildSettings = {
				ALWAYS_SEARCH_USER_PATHS = NO;
				ASSETCATALOG_COMPILER_GENERATE_SWIFT_ASSET_SYMBOL_EXTENSIONS = YES;
				CLANG_ANALYZER_NONNULL = YES;
				CLANG_ANALYZER_NUMBER_OBJECT_CONVERSION = YES_AGGRESSIVE;
				CLANG_CXX_LANGUAGE_STANDARD = "gnu++20";
				CLANG_ENABLE_MODULES = YES;
				CLANG_ENABLE_OBJC_ARC = YES;
				CLANG_ENABLE_OBJC_WEAK = YES;
				CLANG_WARN_BLOCK_CAPTURE_AUTORELEASING = YES;
				CLANG_WARN_BOOL_CONVERSION = YES;
				CLANG_WARN_COMMA = YES;
				CLANG_WARN_CONSTANT_CONVERSION = YES;
				CLANG_WARN_DEPRECATED_OBJC_IMPLEMENTATIONS = YES;
				CLANG_WARN_DIRECT_OBJC_ISA_USAGE = YES_ERROR;
				CLANG_WARN_DOCUMENTATION_COMMENTS = YES;
				CLANG_WARN_EMPTY_BODY = YES;
				CLANG_WARN_ENUM_CONVERSION = YES;
				CLANG_WARN_INFINITE_RECURSION = YES;
				CLANG_WARN_INT_CONVERSION = YES;
				CLANG_WARN_NON_LITERAL_NULL_CONVERSION = YES;
				CLANG_WARN_OBJC_IMPLICIT_RETAIN_SELF = YES;
				CLANG_WARN_OBJC_LITERAL_CONVERSION = YES;
				CLANG_WARN_OBJC_ROOT_CLASS = YES_ERROR;
				CLANG_WARN_QUOTED_INCLUDE_IN_FRAMEWORK_HEADER = YES;
				CLANG_WARN_RANGE_LOOP_ANALYSIS = YES;
				CLANG_WARN_STRICT_PROTOTYPES = YES;
				CLANG_WARN_SUSPICIOUS_MOVE = YES;
				CLANG_WARN_UNGUARDED_AVAILABILITY = YES_AGGRESSIVE;
				CLANG_WARN_UNREACHABLE_CODE = YES;
				CLANG_WARN__DUPLICATE_METHOD_MATCH = YES;
				COPY_PHASE_STRIP = NO;
				DEBUG_INFORMATION_FORMAT = "dwarf-with-dsym";
				DEVELOPMENT_TEAM = W9K9K372K9;
				ENABLE_NS_ASSERTIONS = NO;
				ENABLE_STRICT_OBJC_MSGSEND = YES;
				ENABLE_USER_SCRIPT_SANDBOXING = YES;
				GCC_C_LANGUAGE_STANDARD = gnu17;
				GCC_NO_COMMON_BLOCKS = YES;
				GCC_WARN_64_TO_32_BIT_CONVERSION = YES;
				GCC_WARN_ABOUT_RETURN_TYPE = YES_ERROR;
				GCC_WARN_UNDECLARED_SELECTOR = YES;
				GCC_WARN_UNINITIALIZED_AUTOS = YES_AGGRESSIVE;
				GCC_WARN_UNUSED_FUNCTION = YES;
				GCC_WARN_UNUSED_VARIABLE = YES;
				IPHONEOS_DEPLOYMENT_TARGET = 26.0;
				LOCALIZATION_PREFERS_STRING_CATALOGS = YES;
				MTL_ENABLE_DEBUG_INFO = NO;
				MTL_FAST_MATH = YES;
				SDKROOT = iphoneos;
				SWIFT_COMPILATION_MODE = wholemodule;
				VALIDATE_PRODUCT = YES;
			};
			name = Release;
		};
/* End XCBuildConfiguration section */

/* Begin XCConfigurationList section */
		011FAE5F2E66CD32001C86CF /* Build configuration list for PBXProject "CoDo" */ = {
			isa = XCConfigurationList;
			buildConfigurations = (
				011FAE7A2E66CD33001C86CF /* Debug */,
				011FAE7B2E66CD33001C86CF /* Release */,
			);
			defaultConfigurationIsVisible = 0;
			defaultConfigurationName = Release;
		};
		011FAE772E66CD33001C86CF /* Build configuration list for PBXNativeTarget "CoDo" */ = {
			isa = XCConfigurationList;
			buildConfigurations = (
				011FAE782E66CD33001C86CF /* Debug */,
				011FAE792E66CD33001C86CF /* Release */,
			);
			defaultConfigurationIsVisible = 0;
			defaultConfigurationName = Release;
		};
/* End XCConfigurationList section */

/* Begin XCRemoteSwiftPackageReference section */
		01BCA5B72E8FE0A800E5B13D /* XCRemoteSwiftPackageReference "firebase-ios-sdk" */ = {
			isa = XCRemoteSwiftPackageReference;
			repositoryURL = "https://github.com/firebase/firebase-ios-sdk";
			requirement = {
				kind = upToNextMajorVersion;
				minimumVersion = 12.3.0;
			};
		};
/* End XCRemoteSwiftPackageReference section */

/* Begin XCSwiftPackageProductDependency section */
		01BCA5B82E8FE0A800E5B13D /* FirebaseAuth */ = {
			isa = XCSwiftPackageProductDependency;
			package = 01BCA5B72E8FE0A800E5B13D /* XCRemoteSwiftPackageReference "firebase-ios-sdk" */;
			productName = FirebaseAuth;
		};
		01BCA5BA2E8FE0A800E5B13D /* FirebaseCore */ = {
			isa = XCSwiftPackageProductDependency;
			package = 01BCA5B72E8FE0A800E5B13D /* XCRemoteSwiftPackageReference "firebase-ios-sdk" */;
			productName = FirebaseCore;
		};
		01BCA5BC2E8FE0A800E5B13D /* FirebaseDatabase */ = {
			isa = XCSwiftPackageProductDependency;
			package = 01BCA5B72E8FE0A800E5B13D /* XCRemoteSwiftPackageReference "firebase-ios-sdk" */;
			productName = FirebaseDatabase;
		};
		01BCA5BE2E8FE0A800E5B13D /* FirebaseFirestore */ = {
			isa = XCSwiftPackageProductDependency;
			package = 01BCA5B72E8FE0A800E5B13D /* XCRemoteSwiftPackageReference "firebase-ios-sdk" */;
			productName = FirebaseFirestore;
		};
/* End XCSwiftPackageProductDependency section */
	};
	rootObject = 011FAE5C2E66CD32001C86CF /* Project object */;
}
